// !$*UTF8*$!
{
	archiveVersion = 1;
	classes = {
	};
	objectVersion = 46;
	objects = {

/* Begin PBXBuildFile section */
		5B04EC7C1D14811900FE6C72 /* AppDelegate.swift in Sources */ = {isa = PBXBuildFile; fileRef = 5B04EC7B1D14811900FE6C72 /* AppDelegate.swift */; };
		5B04EC7E1D14811900FE6C72 /* ViewController.swift in Sources */ = {isa = PBXBuildFile; fileRef = 5B04EC7D1D14811900FE6C72 /* ViewController.swift */; };
		5B04EC811D14811900FE6C72 /* Main.storyboard in Resources */ = {isa = PBXBuildFile; fileRef = 5B04EC7F1D14811900FE6C72 /* Main.storyboard */; };
		5B04EC831D14811900FE6C72 /* Assets.xcassets in Resources */ = {isa = PBXBuildFile; fileRef = 5B04EC821D14811900FE6C72 /* Assets.xcassets */; };
		5B04EC861D14811900FE6C72 /* LaunchScreen.storyboard in Resources */ = {isa = PBXBuildFile; fileRef = 5B04EC841D14811900FE6C72 /* LaunchScreen.storyboard */; };
		5B04EC981D14833700FE6C72 /* FBSDKCoreKit.framework in Frameworks */ = {isa = PBXBuildFile; fileRef = 5B04EC951D14833700FE6C72 /* FBSDKCoreKit.framework */; };
		5B04EC991D14833700FE6C72 /* FBSDKLoginKit.framework in Frameworks */ = {isa = PBXBuildFile; fileRef = 5B04EC961D14833700FE6C72 /* FBSDKLoginKit.framework */; };
		5B04EC9A1D14833700FE6C72 /* FBSDKShareKit.framework in Frameworks */ = {isa = PBXBuildFile; fileRef = 5B04EC971D14833700FE6C72 /* FBSDKShareKit.framework */; };
		5B04EC9D1D14940300FE6C72 /* RegisterViewController.swift in Sources */ = {isa = PBXBuildFile; fileRef = 5B04EC9C1D14940300FE6C72 /* RegisterViewController.swift */; };
		5B04EC9F1D14B74600FE6C72 /* utility.swift in Sources */ = {isa = PBXBuildFile; fileRef = 5B04EC9E1D14B74600FE6C72 /* utility.swift */; };
		5B24B8871D14DC1A0026CF67 /* HomePageViewController.swift in Sources */ = {isa = PBXBuildFile; fileRef = 5B24B8861D14DC1A0026CF67 /* HomePageViewController.swift */; };
		5B845BDB1D186CAA00C1616B /* GoogleService-Info.plist in Resources */ = {isa = PBXBuildFile; fileRef = 5B845BDA1D186CAA00C1616B /* GoogleService-Info.plist */; };
		5B845BDD1D1872FF00C1616B /* RegistrationViewController.swift in Sources */ = {isa = PBXBuildFile; fileRef = 5B845BDC1D1872FF00C1616B /* RegistrationViewController.swift */; };
		BDD977FB07C3ECDD2A38393E /* Pods_Premo.framework in Frameworks */ = {isa = PBXBuildFile; fileRef = DA6848F403B6249BF17C4BCF /* Pods_Premo.framework */; };
/* End PBXBuildFile section */

/* Begin PBXFileReference section */
		31E47DF29BF83794BB787FEE /* Pods-Premo.debug.xcconfig */ = {isa = PBXFileReference; includeInIndex = 1; lastKnownFileType = text.xcconfig; name = "Pods-Premo.debug.xcconfig"; path = "Pods/Target Support Files/Pods-Premo/Pods-Premo.debug.xcconfig"; sourceTree = "<group>"; };
		37F7B14919A186E6BF29E926 /* Pods-Premo.release.xcconfig */ = {isa = PBXFileReference; includeInIndex = 1; lastKnownFileType = text.xcconfig; name = "Pods-Premo.release.xcconfig"; path = "Pods/Target Support Files/Pods-Premo/Pods-Premo.release.xcconfig"; sourceTree = "<group>"; };
		5B04EC781D14811900FE6C72 /* Premo.app */ = {isa = PBXFileReference; explicitFileType = wrapper.application; includeInIndex = 0; path = Premo.app; sourceTree = BUILT_PRODUCTS_DIR; };
		5B04EC7B1D14811900FE6C72 /* AppDelegate.swift */ = {isa = PBXFileReference; lastKnownFileType = sourcecode.swift; path = AppDelegate.swift; sourceTree = "<group>"; };
		5B04EC7D1D14811900FE6C72 /* ViewController.swift */ = {isa = PBXFileReference; lastKnownFileType = sourcecode.swift; path = ViewController.swift; sourceTree = "<group>"; };
		5B04EC801D14811900FE6C72 /* Base */ = {isa = PBXFileReference; lastKnownFileType = file.storyboard; name = Base; path = Base.lproj/Main.storyboard; sourceTree = "<group>"; };
		5B04EC821D14811900FE6C72 /* Assets.xcassets */ = {isa = PBXFileReference; lastKnownFileType = folder.assetcatalog; path = Assets.xcassets; sourceTree = "<group>"; };
		5B04EC851D14811900FE6C72 /* Base */ = {isa = PBXFileReference; lastKnownFileType = file.storyboard; name = Base; path = Base.lproj/LaunchScreen.storyboard; sourceTree = "<group>"; };
		5B04EC871D14811900FE6C72 /* Info.plist */ = {isa = PBXFileReference; lastKnownFileType = text.plist.xml; path = Info.plist; sourceTree = "<group>"; };
		5B04EC951D14833700FE6C72 /* FBSDKCoreKit.framework */ = {isa = PBXFileReference; lastKnownFileType = wrapper.framework; path = FBSDKCoreKit.framework; sourceTree = "<group>"; };
		5B04EC961D14833700FE6C72 /* FBSDKLoginKit.framework */ = {isa = PBXFileReference; lastKnownFileType = wrapper.framework; path = FBSDKLoginKit.framework; sourceTree = "<group>"; };
		5B04EC971D14833700FE6C72 /* FBSDKShareKit.framework */ = {isa = PBXFileReference; lastKnownFileType = wrapper.framework; path = FBSDKShareKit.framework; sourceTree = "<group>"; };
		5B04EC9C1D14940300FE6C72 /* RegisterViewController.swift */ = {isa = PBXFileReference; fileEncoding = 4; lastKnownFileType = sourcecode.swift; path = RegisterViewController.swift; sourceTree = "<group>"; };
		5B04EC9E1D14B74600FE6C72 /* utility.swift */ = {isa = PBXFileReference; fileEncoding = 4; lastKnownFileType = sourcecode.swift; path = utility.swift; sourceTree = "<group>"; };
		5B24B8861D14DC1A0026CF67 /* HomePageViewController.swift */ = {isa = PBXFileReference; fileEncoding = 4; lastKnownFileType = sourcecode.swift; path = HomePageViewController.swift; sourceTree = "<group>"; };
		5B845BDA1D186CAA00C1616B /* GoogleService-Info.plist */ = {isa = PBXFileReference; fileEncoding = 4; lastKnownFileType = text.plist.xml; path = "GoogleService-Info.plist"; sourceTree = "<group>"; };
		5B845BDC1D1872FF00C1616B /* RegistrationViewController.swift */ = {isa = PBXFileReference; fileEncoding = 4; lastKnownFileType = sourcecode.swift; name = RegistrationViewController.swift; path = FBSDKLoginKit.framework/RegistrationViewController.swift; sourceTree = "<group>"; };
		DA6848F403B6249BF17C4BCF /* Pods_Premo.framework */ = {isa = PBXFileReference; explicitFileType = wrapper.framework; includeInIndex = 0; path = Pods_Premo.framework; sourceTree = BUILT_PRODUCTS_DIR; };
/* End PBXFileReference section */

/* Begin PBXFrameworksBuildPhase section */
		5B04EC751D14811900FE6C72 /* Frameworks */ = {
			isa = PBXFrameworksBuildPhase;
			buildActionMask = 2147483647;
			files = (
				5B04EC991D14833700FE6C72 /* FBSDKLoginKit.framework in Frameworks */,
				5B04EC981D14833700FE6C72 /* FBSDKCoreKit.framework in Frameworks */,
				5B04EC9A1D14833700FE6C72 /* FBSDKShareKit.framework in Frameworks */,
				BDD977FB07C3ECDD2A38393E /* Pods_Premo.framework in Frameworks */,
			);
			runOnlyForDeploymentPostprocessing = 0;
		};
/* End PBXFrameworksBuildPhase section */

/* Begin PBXGroup section */
		5B04EC6F1D14811800FE6C72 = {
			isa = PBXGroup;
			children = (
				5B04EC7A1D14811900FE6C72 /* Premo */,
				5B04EC791D14811900FE6C72 /* Products */,
				6379616E050803A71DD5BDE0 /* Pods */,
				84E4609975A63A3923849B4E /* Frameworks */,
			);
			sourceTree = "<group>";
		};
		5B04EC791D14811900FE6C72 /* Products */ = {
			isa = PBXGroup;
			children = (
				5B04EC781D14811900FE6C72 /* Premo.app */,
			);
			name = Products;
			sourceTree = "<group>";
		};
		5B04EC7A1D14811900FE6C72 /* Premo */ = {
			isa = PBXGroup;
			children = (
				5B04EC7B1D14811900FE6C72 /* AppDelegate.swift */,
				5B04EC7F1D14811900FE6C72 /* Main.storyboard */,
				5B845BDC1D1872FF00C1616B /* RegistrationViewController.swift */,
				5B24B8861D14DC1A0026CF67 /* HomePageViewController.swift */,
				5B04EC7D1D14811900FE6C72 /* ViewController.swift */,
				5B04EC9C1D14940300FE6C72 /* RegisterViewController.swift */,
				5B04EC821D14811900FE6C72 /* Assets.xcassets */,
				5B04EC841D14811900FE6C72 /* LaunchScreen.storyboard */,
				5B04EC871D14811900FE6C72 /* Info.plist */,
				5B04EC9B1D14834600FE6C72 /* Frameworks */,
				5B04EC9E1D14B74600FE6C72 /* utility.swift */,
				5B845BDA1D186CAA00C1616B /* GoogleService-Info.plist */,
			);
			path = Premo;
			sourceTree = "<group>";
		};
		5B04EC9B1D14834600FE6C72 /* Frameworks */ = {
			isa = PBXGroup;
			children = (
				5B04EC951D14833700FE6C72 /* FBSDKCoreKit.framework */,
				5B04EC961D14833700FE6C72 /* FBSDKLoginKit.framework */,
				5B04EC971D14833700FE6C72 /* FBSDKShareKit.framework */,
			);
			name = Frameworks;
			sourceTree = "<group>";
		};
		6379616E050803A71DD5BDE0 /* Pods */ = {
			isa = PBXGroup;
			children = (
				31E47DF29BF83794BB787FEE /* Pods-Premo.debug.xcconfig */,
				37F7B14919A186E6BF29E926 /* Pods-Premo.release.xcconfig */,
			);
			name = Pods;
			sourceTree = "<group>";
		};
		84E4609975A63A3923849B4E /* Frameworks */ = {
			isa = PBXGroup;
			children = (
				DA6848F403B6249BF17C4BCF /* Pods_Premo.framework */,
			);
			name = Frameworks;
			sourceTree = "<group>";
		};
/* End PBXGroup section */

/* Begin PBXNativeTarget section */
		5B04EC771D14811900FE6C72 /* Premo */ = {
			isa = PBXNativeTarget;
			buildConfigurationList = 5B04EC8A1D14811900FE6C72 /* Build configuration list for PBXNativeTarget "Premo" */;
			buildPhases = (
				BB79EF02A9D7AAA78A2A0E37 /* 📦 Check Pods Manifest.lock */,
				5B04EC741D14811900FE6C72 /* Sources */,
				5B04EC751D14811900FE6C72 /* Frameworks */,
				5B04EC761D14811900FE6C72 /* Resources */,
				C96467AD038A2C10BC4215D5 /* 📦 Embed Pods Frameworks */,
				B6983A6249F90B7351ECE52C /* 📦 Copy Pods Resources */,
			);
			buildRules = (
			);
			dependencies = (
			);
			name = Premo;
			productName = Premo;
			productReference = 5B04EC781D14811900FE6C72 /* Premo.app */;
			productType = "com.apple.product-type.application";
		};
/* End PBXNativeTarget section */

/* Begin PBXProject section */
		5B04EC701D14811800FE6C72 /* Project object */ = {
			isa = PBXProject;
			attributes = {
				LastSwiftUpdateCheck = 0730;
				LastUpgradeCheck = 0730;
				ORGANIZATIONNAME = "Manish Dwibedy";
				TargetAttributes = {
					5B04EC771D14811900FE6C72 = {
						CreatedOnToolsVersion = 7.3.1;
					};
				};
			};
			buildConfigurationList = 5B04EC731D14811900FE6C72 /* Build configuration list for PBXProject "Premo" */;
			compatibilityVersion = "Xcode 3.2";
			developmentRegion = English;
			hasScannedForEncodings = 0;
			knownRegions = (
				en,
				Base,
			);
			mainGroup = 5B04EC6F1D14811800FE6C72;
			productRefGroup = 5B04EC791D14811900FE6C72 /* Products */;
			projectDirPath = "";
			projectRoot = "";
			targets = (
				5B04EC771D14811900FE6C72 /* Premo */,
			);
		};
/* End PBXProject section */

/* Begin PBXResourcesBuildPhase section */
		5B04EC761D14811900FE6C72 /* Resources */ = {
			isa = PBXResourcesBuildPhase;
			buildActionMask = 2147483647;
			files = (
				5B04EC861D14811900FE6C72 /* LaunchScreen.storyboard in Resources */,
				5B845BDB1D186CAA00C1616B /* GoogleService-Info.plist in Resources */,
				5B04EC831D14811900FE6C72 /* Assets.xcassets in Resources */,
				5B04EC811D14811900FE6C72 /* Main.storyboard in Resources */,
			);
			runOnlyForDeploymentPostprocessing = 0;
		};
/* End PBXResourcesBuildPhase section */

/* Begin PBXShellScriptBuildPhase section */
		B6983A6249F90B7351ECE52C /* 📦 Copy Pods Resources */ = {
			isa = PBXShellScriptBuildPhase;
			buildActionMask = 2147483647;
			files = (
			);
			inputPaths = (
			);
			name = "📦 Copy Pods Resources";
			outputPaths = (
			);
			runOnlyForDeploymentPostprocessing = 0;
			shellPath = /bin/sh;
			shellScript = "\"${SRCROOT}/Pods/Target Support Files/Pods-Premo/Pods-Premo-resources.sh\"\n";
			showEnvVarsInLog = 0;
		};
		BB79EF02A9D7AAA78A2A0E37 /* 📦 Check Pods Manifest.lock */ = {
			isa = PBXShellScriptBuildPhase;
			buildActionMask = 2147483647;
			files = (
			);
			inputPaths = (
			);
			name = "📦 Check Pods Manifest.lock";
			outputPaths = (
			);
			runOnlyForDeploymentPostprocessing = 0;
			shellPath = /bin/sh;
			shellScript = "diff \"${PODS_ROOT}/../Podfile.lock\" \"${PODS_ROOT}/Manifest.lock\" > /dev/null\nif [[ $? != 0 ]] ; then\n    cat << EOM\nerror: The sandbox is not in sync with the Podfile.lock. Run 'pod install' or update your CocoaPods installation.\nEOM\n    exit 1\nfi\n";
			showEnvVarsInLog = 0;
		};
		C96467AD038A2C10BC4215D5 /* 📦 Embed Pods Frameworks */ = {
			isa = PBXShellScriptBuildPhase;
			buildActionMask = 2147483647;
			files = (
			);
			inputPaths = (
			);
			name = "📦 Embed Pods Frameworks";
			outputPaths = (
			);
			runOnlyForDeploymentPostprocessing = 0;
			shellPath = /bin/sh;
			shellScript = "\"${SRCROOT}/Pods/Target Support Files/Pods-Premo/Pods-Premo-frameworks.sh\"\n";
			showEnvVarsInLog = 0;
		};
/* End PBXShellScriptBuildPhase section */

/* Begin PBXSourcesBuildPhase section */
		5B04EC741D14811900FE6C72 /* Sources */ = {
			isa = PBXSourcesBuildPhase;
			buildActionMask = 2147483647;
			files = (
				5B845BDD1D1872FF00C1616B /* RegistrationViewController.swift in Sources */,
				5B04EC9F1D14B74600FE6C72 /* utility.swift in Sources */,
				5B04EC9D1D14940300FE6C72 /* RegisterViewController.swift in Sources */,
				5B04EC7E1D14811900FE6C72 /* ViewController.swift in Sources */,
				5B24B8871D14DC1A0026CF67 /* HomePageViewController.swift in Sources */,
				5B04EC7C1D14811900FE6C72 /* AppDelegate.swift in Sources */,
			);
			runOnlyForDeploymentPostprocessing = 0;
		};
/* End PBXSourcesBuildPhase section */

/* Begin PBXVariantGroup section */
		5B04EC7F1D14811900FE6C72 /* Main.storyboard */ = {
			isa = PBXVariantGroup;
			children = (
				5B04EC801D14811900FE6C72 /* Base */,
			);
			name = Main.storyboard;
			sourceTree = "<group>";
		};
		5B04EC841D14811900FE6C72 /* LaunchScreen.storyboard */ = {
			isa = PBXVariantGroup;
			children = (
				5B04EC851D14811900FE6C72 /* Base */,
			);
			name = LaunchScreen.storyboard;
			sourceTree = "<group>";
		};
/* End PBXVariantGroup section */

/* Begin XCBuildConfiguration section */
		5B04EC881D14811900FE6C72 /* Debug */ = {
			isa = XCBuildConfiguration;
			buildSettings = {
				ALWAYS_SEARCH_USER_PATHS = NO;
				CLANG_ANALYZER_NONNULL = YES;
				CLANG_CXX_LANGUAGE_STANDARD = "gnu++0x";
				CLANG_CXX_LIBRARY = "libc++";
				CLANG_ENABLE_MODULES = YES;
				CLANG_ENABLE_OBJC_ARC = YES;
				CLANG_WARN_BOOL_CONVERSION = YES;
				CLANG_WARN_CONSTANT_CONVERSION = YES;
				CLANG_WARN_DIRECT_OBJC_ISA_USAGE = YES_ERROR;
				CLANG_WARN_EMPTY_BODY = YES;
				CLANG_WARN_ENUM_CONVERSION = YES;
				CLANG_WARN_INT_CONVERSION = YES;
				CLANG_WARN_OBJC_ROOT_CLASS = YES_ERROR;
				CLANG_WARN_UNREACHABLE_CODE = YES;
				CLANG_WARN__DUPLICATE_METHOD_MATCH = YES;
				"CODE_SIGN_IDENTITY[sdk=iphoneos*]" = "iPhone Developer";
				COPY_PHASE_STRIP = NO;
				DEBUG_INFORMATION_FORMAT = dwarf;
				ENABLE_STRICT_OBJC_MSGSEND = YES;
				ENABLE_TESTABILITY = YES;
				GCC_C_LANGUAGE_STANDARD = gnu99;
				GCC_DYNAMIC_NO_PIC = NO;
				GCC_NO_COMMON_BLOCKS = YES;
				GCC_OPTIMIZATION_LEVEL = 0;
				GCC_PREPROCESSOR_DEFINITIONS = (
					"DEBUG=1",
					"$(inherited)",
				);
				GCC_WARN_64_TO_32_BIT_CONVERSION = YES;
				GCC_WARN_ABOUT_RETURN_TYPE = YES_ERROR;
				GCC_WARN_UNDECLARED_SELECTOR = YES;
				GCC_WARN_UNINITIALIZED_AUTOS = YES_AGGRESSIVE;
				GCC_WARN_UNUSED_FUNCTION = YES;
				GCC_WARN_UNUSED_VARIABLE = YES;
				IPHONEOS_DEPLOYMENT_TARGET = 9.3;
				MTL_ENABLE_DEBUG_INFO = YES;
				ONLY_ACTIVE_ARCH = YES;
				SDKROOT = iphoneos;
				SWIFT_OPTIMIZATION_LEVEL = "-Onone";
				TARGETED_DEVICE_FAMILY = "1,2";
			};
			name = Debug;
		};
		5B04EC891D14811900FE6C72 /* Release */ = {
			isa = XCBuildConfiguration;
			buildSettings = {
				ALWAYS_SEARCH_USER_PATHS = NO;
				CLANG_ANALYZER_NONNULL = YES;
				CLANG_CXX_LANGUAGE_STANDARD = "gnu++0x";
				CLANG_CXX_LIBRARY = "libc++";
				CLANG_ENABLE_MODULES = YES;
				CLANG_ENABLE_OBJC_ARC = YES;
				CLANG_WARN_BOOL_CONVERSION = YES;
				CLANG_WARN_CONSTANT_CONVERSION = YES;
				CLANG_WARN_DIRECT_OBJC_ISA_USAGE = YES_ERROR;
				CLANG_WARN_EMPTY_BODY = YES;
				CLANG_WARN_ENUM_CONVERSION = YES;
				CLANG_WARN_INT_CONVERSION = YES;
				CLANG_WARN_OBJC_ROOT_CLASS = YES_ERROR;
				CLANG_WARN_UNREACHABLE_CODE = YES;
				CLANG_WARN__DUPLICATE_METHOD_MATCH = YES;
				"CODE_SIGN_IDENTITY[sdk=iphoneos*]" = "iPhone Developer";
				COPY_PHASE_STRIP = NO;
				DEBUG_INFORMATION_FORMAT = "dwarf-with-dsym";
				ENABLE_NS_ASSERTIONS = NO;
				ENABLE_STRICT_OBJC_MSGSEND = YES;
				GCC_C_LANGUAGE_STANDARD = gnu99;
				GCC_NO_COMMON_BLOCKS = YES;
				GCC_WARN_64_TO_32_BIT_CONVERSION = YES;
				GCC_WARN_ABOUT_RETURN_TYPE = YES_ERROR;
				GCC_WARN_UNDECLARED_SELECTOR = YES;
				GCC_WARN_UNINITIALIZED_AUTOS = YES_AGGRESSIVE;
				GCC_WARN_UNUSED_FUNCTION = YES;
				GCC_WARN_UNUSED_VARIABLE = YES;
				IPHONEOS_DEPLOYMENT_TARGET = 9.3;
				MTL_ENABLE_DEBUG_INFO = NO;
				SDKROOT = iphoneos;
				TARGETED_DEVICE_FAMILY = "1,2";
				VALIDATE_PRODUCT = YES;
			};
			name = Release;
		};
		5B04EC8B1D14811900FE6C72 /* Debug */ = {
			isa = XCBuildConfiguration;
			baseConfigurationReference = 31E47DF29BF83794BB787FEE /* Pods-Premo.debug.xcconfig */;
			buildSettings = {
				ASSETCATALOG_COMPILER_APPICON_NAME = AppIcon;
				CODE_SIGN_IDENTITY = "iPhone Developer";
				FRAMEWORK_SEARCH_PATHS = (
					"$(inherited)",
					"$(PROJECT_DIR)/Premo",
				);
				INFOPLIST_FILE = Premo/Info.plist;
				LD_RUNPATH_SEARCH_PATHS = "$(inherited) @executable_path/Frameworks";
				PRODUCT_BUNDLE_IDENTIFIER = com.manish.Premo;
				PRODUCT_NAME = "$(TARGET_NAME)";
				TARGETED_DEVICE_FAMILY = "1,2";
			};
			name = Debug;
		};
		5B04EC8C1D14811900FE6C72 /* Release */ = {
			isa = XCBuildConfiguration;
			baseConfigurationReference = 37F7B14919A186E6BF29E926 /* Pods-Premo.release.xcconfig */;
			buildSettings = {
				ASSETCATALOG_COMPILER_APPICON_NAME = AppIcon;
				CODE_SIGN_IDENTITY = "iPhone Developer";
				FRAMEWORK_SEARCH_PATHS = (
					"$(inherited)",
					"$(PROJECT_DIR)/Premo",
				);
				INFOPLIST_FILE = Premo/Info.plist;
				LD_RUNPATH_SEARCH_PATHS = "$(inherited) @executable_path/Frameworks";
				PRODUCT_BUNDLE_IDENTIFIER = com.manish.Premo;
				PRODUCT_NAME = "$(TARGET_NAME)";
				TARGETED_DEVICE_FAMILY = "1,2";
			};
			name = Release;
		};
/* End XCBuildConfiguration section */

/* Begin XCConfigurationList section */
		5B04EC731D14811900FE6C72 /* Build configuration list for PBXProject "Premo" */ = {
			isa = XCConfigurationList;
			buildConfigurations = (
				5B04EC881D14811900FE6C72 /* Debug */,
				5B04EC891D14811900FE6C72 /* Release */,
			);
			defaultConfigurationIsVisible = 0;
			defaultConfigurationName = Release;
		};
		5B04EC8A1D14811900FE6C72 /* Build configuration list for PBXNativeTarget "Premo" */ = {
			isa = XCConfigurationList;
			buildConfigurations = (
				5B04EC8B1D14811900FE6C72 /* Debug */,
				5B04EC8C1D14811900FE6C72 /* Release */,
			);
			defaultConfigurationIsVisible = 0;
			defaultConfigurationName = Release;
		};
/* End XCConfigurationList section */
	};
	rootObject = 5B04EC701D14811800FE6C72 /* Project object */;
}
